// !$*UTF8*$!
{
	archiveVersion = 1;
	classes = {
	};
	objectVersion = 46;
	objects = {

/* Begin PBXBuildFile section */
		A687D4681BE0A34800FAEF8F /* DetailsViewController.swift in Sources */ = {isa = PBXBuildFile; fileRef = A687D4671BE0A34800FAEF8F /* DetailsViewController.swift */; };
		A687D46A1BE0C5F700FAEF8F /* Converter.swift in Sources */ = {isa = PBXBuildFile; fileRef = A687D4691BE0C5F700FAEF8F /* Converter.swift */; };
		A687D46C1BE1723500FAEF8F /* REST.swift in Sources */ = {isa = PBXBuildFile; fileRef = A687D46B1BE1723500FAEF8F /* REST.swift */; };
		A6F6DDC61BDFCF100002309A /* AppDelegate.swift in Sources */ = {isa = PBXBuildFile; fileRef = A6F6DDC51BDFCF100002309A /* AppDelegate.swift */; };
		A6F6DDC81BDFCF100002309A /* ViewController.swift in Sources */ = {isa = PBXBuildFile; fileRef = A6F6DDC71BDFCF100002309A /* ViewController.swift */; };
		A6F6DDCB1BDFCF100002309A /* Main.storyboard in Resources */ = {isa = PBXBuildFile; fileRef = A6F6DDC91BDFCF100002309A /* Main.storyboard */; };
		A6F6DDCD1BDFCF100002309A /* Assets.xcassets in Resources */ = {isa = PBXBuildFile; fileRef = A6F6DDCC1BDFCF100002309A /* Assets.xcassets */; };
		A6F6DDD01BDFCF100002309A /* LaunchScreen.storyboard in Resources */ = {isa = PBXBuildFile; fileRef = A6F6DDCE1BDFCF100002309A /* LaunchScreen.storyboard */; };
		A6F6DDD81BDFCF250002309A /* push_button.png in Resources */ = {isa = PBXBuildFile; fileRef = A6F6DDD71BDFCF250002309A /* push_button.png */; };
		A6F6DDDA1BDFDBDF0002309A /* RoomListViewController.swift in Sources */ = {isa = PBXBuildFile; fileRef = A6F6DDD91BDFDBDF0002309A /* RoomListViewController.swift */; };
		A6F6DDDD1BE03DAD0002309A /* RestService.swift in Sources */ = {isa = PBXBuildFile; fileRef = A6F6DDDC1BE03DAD0002309A /* RestService.swift */; };
		A6F6DDDF1BE0404D0002309A /* Settings.bundle in Resources */ = {isa = PBXBuildFile; fileRef = A6F6DDDE1BE0404D0002309A /* Settings.bundle */; };
		A6F6DDE11BE042750002309A /* SmartService.swift in Sources */ = {isa = PBXBuildFile; fileRef = A6F6DDE01BE042750002309A /* SmartService.swift */; };
		A6F6DDE31BE07E4B0002309A /* Room.swift in Sources */ = {isa = PBXBuildFile; fileRef = A6F6DDE21BE07E4B0002309A /* Room.swift */; };
/* End PBXBuildFile section */

/* Begin PBXFileReference section */
		A687D4671BE0A34800FAEF8F /* DetailsViewController.swift */ = {isa = PBXFileReference; fileEncoding = 4; lastKnownFileType = sourcecode.swift; path = DetailsViewController.swift; sourceTree = "<group>"; };
		A687D4691BE0C5F700FAEF8F /* Converter.swift */ = {isa = PBXFileReference; fileEncoding = 4; lastKnownFileType = sourcecode.swift; path = Converter.swift; sourceTree = "<group>"; };
		A687D46B1BE1723500FAEF8F /* REST.swift */ = {isa = PBXFileReference; fileEncoding = 4; lastKnownFileType = sourcecode.swift; path = REST.swift; sourceTree = "<group>"; };
		A6F6DDC21BDFCF0F0002309A /* FindMeARoom.app */ = {isa = PBXFileReference; explicitFileType = wrapper.application; includeInIndex = 0; path = FindMeARoom.app; sourceTree = BUILT_PRODUCTS_DIR; };
		A6F6DDC51BDFCF100002309A /* AppDelegate.swift */ = {isa = PBXFileReference; lastKnownFileType = sourcecode.swift; path = AppDelegate.swift; sourceTree = "<group>"; };
		A6F6DDC71BDFCF100002309A /* ViewController.swift */ = {isa = PBXFileReference; lastKnownFileType = sourcecode.swift; path = ViewController.swift; sourceTree = "<group>"; };
		A6F6DDCA1BDFCF100002309A /* Base */ = {isa = PBXFileReference; lastKnownFileType = file.storyboard; name = Base; path = Base.lproj/Main.storyboard; sourceTree = "<group>"; };
		A6F6DDCC1BDFCF100002309A /* Assets.xcassets */ = {isa = PBXFileReference; lastKnownFileType = folder.assetcatalog; path = Assets.xcassets; sourceTree = "<group>"; };
		A6F6DDCF1BDFCF100002309A /* Base */ = {isa = PBXFileReference; lastKnownFileType = file.storyboard; name = Base; path = Base.lproj/LaunchScreen.storyboard; sourceTree = "<group>"; };
		A6F6DDD11BDFCF100002309A /* Info.plist */ = {isa = PBXFileReference; lastKnownFileType = text.plist.xml; path = Info.plist; sourceTree = "<group>"; };
		A6F6DDD71BDFCF250002309A /* push_button.png */ = {isa = PBXFileReference; lastKnownFileType = image.png; path = push_button.png; sourceTree = "<group>"; };
		A6F6DDD91BDFDBDF0002309A /* RoomListViewController.swift */ = {isa = PBXFileReference; fileEncoding = 4; lastKnownFileType = sourcecode.swift; path = RoomListViewController.swift; sourceTree = "<group>"; };
		A6F6DDDC1BE03DAD0002309A /* RestService.swift */ = {isa = PBXFileReference; fileEncoding = 4; lastKnownFileType = sourcecode.swift; path = RestService.swift; sourceTree = "<group>"; };
		A6F6DDDE1BE0404D0002309A /* Settings.bundle */ = {isa = PBXFileReference; lastKnownFileType = "wrapper.plug-in"; path = Settings.bundle; sourceTree = "<group>"; };
		A6F6DDE01BE042750002309A /* SmartService.swift */ = {isa = PBXFileReference; fileEncoding = 4; lastKnownFileType = sourcecode.swift; path = SmartService.swift; sourceTree = "<group>"; };
		A6F6DDE21BE07E4B0002309A /* Room.swift */ = {isa = PBXFileReference; fileEncoding = 4; lastKnownFileType = sourcecode.swift; path = Room.swift; sourceTree = "<group>"; };
/* End PBXFileReference section */

/* Begin PBXFrameworksBuildPhase section */
		A6F6DDBF1BDFCF0F0002309A /* Frameworks */ = {
			isa = PBXFrameworksBuildPhase;
			buildActionMask = 2147483647;
			files = (
			);
			runOnlyForDeploymentPostprocessing = 0;
		};
/* End PBXFrameworksBuildPhase section */

/* Begin PBXGroup section */
		A6F6DDB91BDFCF0F0002309A = {
			isa = PBXGroup;
			children = (
				A6F6DDC41BDFCF100002309A /* FindMeARoom */,
				A6F6DDC31BDFCF0F0002309A /* Products */,
			);
			sourceTree = "<group>";
		};
		A6F6DDC31BDFCF0F0002309A /* Products */ = {
			isa = PBXGroup;
			children = (
				A6F6DDC21BDFCF0F0002309A /* FindMeARoom.app */,
			);
			name = Products;
			sourceTree = "<group>";
		};
		A6F6DDC41BDFCF100002309A /* FindMeARoom */ = {
			isa = PBXGroup;
			children = (
				A6F6DDDB1BE03D980002309A /* Service */,
				A6F6DDD71BDFCF250002309A /* push_button.png */,
				A6F6DDC51BDFCF100002309A /* AppDelegate.swift */,
				A6F6DDC71BDFCF100002309A /* ViewController.swift */,
				A6F6DDD91BDFDBDF0002309A /* RoomListViewController.swift */,
				A687D4671BE0A34800FAEF8F /* DetailsViewController.swift */,
				A6F6DDC91BDFCF100002309A /* Main.storyboard */,
				A6F6DDCC1BDFCF100002309A /* Assets.xcassets */,
				A6F6DDCE1BDFCF100002309A /* LaunchScreen.storyboard */,
				A6F6DDD11BDFCF100002309A /* Info.plist */,
				A6F6DDDE1BE0404D0002309A /* Settings.bundle */,
			);
			path = FindMeARoom;
			sourceTree = "<group>";
		};
		A6F6DDDB1BE03D980002309A /* Service */ = {
			isa = PBXGroup;
			children = (
				A6F6DDDC1BE03DAD0002309A /* RestService.swift */,
				A6F6DDE01BE042750002309A /* SmartService.swift */,
				A6F6DDE21BE07E4B0002309A /* Room.swift */,
				A687D4691BE0C5F700FAEF8F /* Converter.swift */,
				A687D46B1BE1723500FAEF8F /* REST.swift */,
			);
			name = Service;
			sourceTree = "<group>";
		};
/* End PBXGroup section */

/* Begin PBXNativeTarget section */
		A6F6DDC11BDFCF0F0002309A /* FindMeARoom */ = {
			isa = PBXNativeTarget;
			buildConfigurationList = A6F6DDD41BDFCF100002309A /* Build configuration list for PBXNativeTarget "FindMeARoom" */;
			buildPhases = (
				A6F6DDBE1BDFCF0F0002309A /* Sources */,
				A6F6DDBF1BDFCF0F0002309A /* Frameworks */,
				A6F6DDC01BDFCF0F0002309A /* Resources */,
			);
			buildRules = (
			);
			dependencies = (
			);
			name = FindMeARoom;
			productName = FindMeARoom;
			productReference = A6F6DDC21BDFCF0F0002309A /* FindMeARoom.app */;
			productType = "com.apple.product-type.application";
		};
/* End PBXNativeTarget section */

/* Begin PBXProject section */
		A6F6DDBA1BDFCF0F0002309A /* Project object */ = {
			isa = PBXProject;
			attributes = {
				LastSwiftUpdateCheck = 0710;
				LastUpgradeCheck = 0710;
				ORGANIZATIONNAME = "Pavel Samarkin";
				TargetAttributes = {
					A6F6DDC11BDFCF0F0002309A = {
						CreatedOnToolsVersion = 7.1;
						DevelopmentTeam = V8M8BJ4NS7;
					};
				};
			};
			buildConfigurationList = A6F6DDBD1BDFCF0F0002309A /* Build configuration list for PBXProject "FindMeARoom" */;
			compatibilityVersion = "Xcode 3.2";
			developmentRegion = English;
			hasScannedForEncodings = 0;
			knownRegions = (
				en,
				Base,
			);
			mainGroup = A6F6DDB91BDFCF0F0002309A;
			productRefGroup = A6F6DDC31BDFCF0F0002309A /* Products */;
			projectDirPath = "";
			projectRoot = "";
			targets = (
				A6F6DDC11BDFCF0F0002309A /* FindMeARoom */,
			);
		};
/* End PBXProject section */

/* Begin PBXResourcesBuildPhase section */
		A6F6DDC01BDFCF0F0002309A /* Resources */ = {
			isa = PBXResourcesBuildPhase;
			buildActionMask = 2147483647;
			files = (
				A6F6DDD01BDFCF100002309A /* LaunchScreen.storyboard in Resources */,
				A6F6DDD81BDFCF250002309A /* push_button.png in Resources */,
				A6F6DDDF1BE0404D0002309A /* Settings.bundle in Resources */,
				A6F6DDCD1BDFCF100002309A /* Assets.xcassets in Resources */,
				A6F6DDCB1BDFCF100002309A /* Main.storyboard in Resources */,
			);
			runOnlyForDeploymentPostprocessing = 0;
		};
/* End PBXResourcesBuildPhase section */

/* Begin PBXSourcesBuildPhase section */
		A6F6DDBE1BDFCF0F0002309A /* Sources */ = {
			isa = PBXSourcesBuildPhase;
			buildActionMask = 2147483647;
			files = (
				A6F6DDC81BDFCF100002309A /* ViewController.swift in Sources */,
				A6F6DDDA1BDFDBDF0002309A /* RoomListViewController.swift in Sources */,
				A687D46A1BE0C5F700FAEF8F /* Converter.swift in Sources */,
				A6F6DDE31BE07E4B0002309A /* Room.swift in Sources */,
				A687D46C1BE1723500FAEF8F /* REST.swift in Sources */,
				A6F6DDE11BE042750002309A /* SmartService.swift in Sources */,
				A687D4681BE0A34800FAEF8F /* DetailsViewController.swift in Sources */,
				A6F6DDDD1BE03DAD0002309A /* RestService.swift in Sources */,
				A6F6DDC61BDFCF100002309A /* AppDelegate.swift in Sources */,
			);
			runOnlyForDeploymentPostprocessing = 0;
		};
/* End PBXSourcesBuildPhase section */

/* Begin PBXVariantGroup section */
		A6F6DDC91BDFCF100002309A /* Main.storyboard */ = {
			isa = PBXVariantGroup;
			children = (
				A6F6DDCA1BDFCF100002309A /* Base */,
			);
			name = Main.storyboard;
			sourceTree = "<group>";
		};
		A6F6DDCE1BDFCF100002309A /* LaunchScreen.storyboard */ = {
			isa = PBXVariantGroup;
			children = (
				A6F6DDCF1BDFCF100002309A /* Base */,
			);
			name = LaunchScreen.storyboard;
			sourceTree = "<group>";
		};
/* End PBXVariantGroup section */

/* Begin XCBuildConfiguration section */
		A6F6DDD21BDFCF100002309A /* Debug */ = {
			isa = XCBuildConfiguration;
			buildSettings = {
				ALWAYS_SEARCH_USER_PATHS = NO;
				CLANG_CXX_LANGUAGE_STANDARD = "gnu++0x";
				CLANG_CXX_LIBRARY = "libc++";
				CLANG_ENABLE_MODULES = YES;
				CLANG_ENABLE_OBJC_ARC = YES;
				CLANG_WARN_BOOL_CONVERSION = YES;
				CLANG_WARN_CONSTANT_CONVERSION = YES;
				CLANG_WARN_DIRECT_OBJC_ISA_USAGE = YES_ERROR;
				CLANG_WARN_EMPTY_BODY = YES;
				CLANG_WARN_ENUM_CONVERSION = YES;
				CLANG_WARN_INT_CONVERSION = YES;
				CLANG_WARN_OBJC_ROOT_CLASS = YES_ERROR;
				CLANG_WARN_UNREACHABLE_CODE = YES;
				CLANG_WARN__DUPLICATE_METHOD_MATCH = YES;
				"CODE_SIGN_IDENTITY[sdk=iphoneos*]" = "iPhone Developer";
				COPY_PHASE_STRIP = NO;
				DEBUG_INFORMATION_FORMAT = dwarf;
				ENABLE_STRICT_OBJC_MSGSEND = YES;
				ENABLE_TESTABILITY = YES;
				GCC_C_LANGUAGE_STANDARD = gnu99;
				GCC_DYNAMIC_NO_PIC = NO;
				GCC_NO_COMMON_BLOCKS = YES;
				GCC_OPTIMIZATION_LEVEL = 0;
				GCC_PREPROCESSOR_DEFINITIONS = (
					"DEBUG=1",
					"$(inherited)",
				);
				GCC_WARN_64_TO_32_BIT_CONVERSION = YES;
				GCC_WARN_ABOUT_RETURN_TYPE = YES_ERROR;
				GCC_WARN_UNDECLARED_SELECTOR = YES;
				GCC_WARN_UNINITIALIZED_AUTOS = YES_AGGRESSIVE;
				GCC_WARN_UNUSED_FUNCTION = YES;
				GCC_WARN_UNUSED_VARIABLE = YES;
				IPHONEOS_DEPLOYMENT_TARGET = 9.1;
				MTL_ENABLE_DEBUG_INFO = YES;
				ONLY_ACTIVE_ARCH = YES;
				SDKROOT = iphoneos;
				SWIFT_OPTIMIZATION_LEVEL = "-Onone";
			};
			name = Debug;
		};
		A6F6DDD31BDFCF100002309A /* Release */ = {
			isa = XCBuildConfiguration;
			buildSettings = {
				ALWAYS_SEARCH_USER_PATHS = NO;
				CLANG_CXX_LANGUAGE_STANDARD = "gnu++0x";
				CLANG_CXX_LIBRARY = "libc++";
				CLANG_ENABLE_MODULES = YES;
				CLANG_ENABLE_OBJC_ARC = YES;
				CLANG_WARN_BOOL_CONVERSION = YES;
				CLANG_WARN_CONSTANT_CONVERSION = YES;
				CLANG_WARN_DIRECT_OBJC_ISA_USAGE = YES_ERROR;
				CLANG_WARN_EMPTY_BODY = YES;
				CLANG_WARN_ENUM_CONVERSION = YES;
				CLANG_WARN_INT_CONVERSION = YES;
				CLANG_WARN_OBJC_ROOT_CLASS = YES_ERROR;
				CLANG_WARN_UNREACHABLE_CODE = YES;
				CLANG_WARN__DUPLICATE_METHOD_MATCH = YES;
				"CODE_SIGN_IDENTITY[sdk=iphoneos*]" = "iPhone Developer";
				COPY_PHASE_STRIP = NO;
				DEBUG_INFORMATION_FORMAT = "dwarf-with-dsym";
				ENABLE_NS_ASSERTIONS = NO;
				ENABLE_STRICT_OBJC_MSGSEND = YES;
				GCC_C_LANGUAGE_STANDARD = gnu99;
				GCC_NO_COMMON_BLOCKS = YES;
				GCC_WARN_64_TO_32_BIT_CONVERSION = YES;
				GCC_WARN_ABOUT_RETURN_TYPE = YES_ERROR;
				GCC_WARN_UNDECLARED_SELECTOR = YES;
				GCC_WARN_UNINITIALIZED_AUTOS = YES_AGGRESSIVE;
				GCC_WARN_UNUSED_FUNCTION = YES;
				GCC_WARN_UNUSED_VARIABLE = YES;
				IPHONEOS_DEPLOYMENT_TARGET = 9.1;
				MTL_ENABLE_DEBUG_INFO = NO;
				SDKROOT = iphoneos;
				VALIDATE_PRODUCT = YES;
			};
			name = Release;
		};
		A6F6DDD51BDFCF100002309A /* Debug */ = {
			isa = XCBuildConfiguration;
			buildSettings = {
				ASSETCATALOG_COMPILER_APPICON_NAME = AppIcon;
				INFOPLIST_FILE = FindMeARoom/Info.plist;
				LD_RUNPATH_SEARCH_PATHS = "$(inherited) @executable_path/Frameworks";
				PRODUCT_BUNDLE_IDENTIFIER = net.samarkin.FindMeARoom;
				PRODUCT_NAME = "$(TARGET_NAME)";
			};
			name = Debug;
		};
		A6F6DDD61BDFCF100002309A /* Release */ = {
			isa = XCBuildConfiguration;
			buildSettings = {
				ASSETCATALOG_COMPILER_APPICON_NAME = AppIcon;
				INFOPLIST_FILE = FindMeARoom/Info.plist;
				LD_RUNPATH_SEARCH_PATHS = "$(inherited) @executable_path/Frameworks";
				PRODUCT_BUNDLE_IDENTIFIER = net.samarkin.FindMeARoom;
				PRODUCT_NAME = "$(TARGET_NAME)";
			};
			name = Release;
		};
/* End XCBuildConfiguration section */

/* Begin XCConfigurationList section */
		A6F6DDBD1BDFCF0F0002309A /* Build configuration list for PBXProject "FindMeARoom" */ = {
			isa = XCConfigurationList;
			buildConfigurations = (
				A6F6DDD21BDFCF100002309A /* Debug */,
				A6F6DDD31BDFCF100002309A /* Release */,
			);
			defaultConfigurationIsVisible = 0;
			defaultConfigurationName = Release;
		};
		A6F6DDD41BDFCF100002309A /* Build configuration list for PBXNativeTarget "FindMeARoom" */ = {
			isa = XCConfigurationList;
			buildConfigurations = (
				A6F6DDD51BDFCF100002309A /* Debug */,
				A6F6DDD61BDFCF100002309A /* Release */,
			);
			defaultConfigurationIsVisible = 0;
			defaultConfigurationName = Release;
		};
/* End XCConfigurationList section */
	};
	rootObject = A6F6DDBA1BDFCF0F0002309A /* Project object */;
}
